
Microsoft Visual Studio Solution File, Format Version 12.00
# Visual Studio 14
VisualStudioVersion = 14.0.23107.0
MinimumVisualStudioVersion = 10.0.40219.1
Project("{FAE04EC0-301F-11D3-BF4B-00C04F79EFBC}") = "SpanishFlashcards", "SpanishFlashcards\SpanishFlashcards.csproj", "{635F031F-85EA-4429-887D-234D7A3E8CA4}"
EndProject
Project("{FAE04EC0-301F-11D3-BF4B-00C04F79EFBC}") = "SpanishFlashcards.EF", "SpanishFlashcards.EF\SpanishFlashcards.EF.csproj", "{711816A4-BBD3-4800-B2DF-CD2701088E6B}"
EndProject
Global
	GlobalSection(SolutionConfigurationPlatforms) = preSolution
		Debug|Any CPU = Debug|Any CPU
		Release|Any CPU = Release|Any CPU
	EndGlobalSection
	GlobalSection(ProjectConfigurationPlatforms) = postSolution
		{635F031F-85EA-4429-887D-234D7A3E8CA4}.Debug|Any CPU.ActiveCfg = Debug|Any CPU
		{635F031F-85EA-4429-887D-234D7A3E8CA4}.Debug|Any CPU.Build.0 = Debug|Any CPU
		{635F031F-85EA-4429-887D-234D7A3E8CA4}.Release|Any CPU.ActiveCfg = Release|Any CPU
		{635F031F-85EA-4429-887D-234D7A3E8CA4}.Release|Any CPU.Build.0 = Release|Any CPU
		{711816A4-BBD3-4800-B2DF-CD2701088E6B}.Debug|Any CPU.ActiveCfg = Debug|Any CPU
		{711816A4-BBD3-4800-B2DF-CD2701088E6B}.Debug|Any CPU.Build.0 = Debug|Any CPU
		{711816A4-BBD3-4800-B2DF-CD2701088E6B}.Release|Any CPU.ActiveCfg = Release|Any CPU
		{711816A4-BBD3-4800-B2DF-CD2701088E6B}.Release|Any CPU.Build.0 = Release|Any CPU
	EndGlobalSection
	GlobalSection(SolutionProperties) = preSolution
		HideSolutionNode = FALSE
	EndGlobalSection
	GlobalSection(TeamFoundationVersionControl) = preSolution
		SccNumberOfProjects = 3
		SccEnterpriseProvider = {4CA58AB2-18FA-4F8D-95D4-32DDF27D184C}
		SccTeamFoundationServer = http://kent-z77-pc:8080/tfs/defaultcollection
		SccLocalPath0 = .
		SccProjectUniqueName1 = SpanishFlashcards\\SpanishFlashcards.csproj
		SccProjectName1 = SpanishFlashcards
		SccLocalPath1 = SpanishFlashcards
		SccProjectUniqueName2 = SpanishFlashcards.EF\\SpanishFlashcards.EF.csproj
		SccProjectName2 = SpanishFlashcards.EF
		SccLocalPath2 = SpanishFlashcards.EF
	EndGlobalSection
EndGlobal
